<?xml version="1.0" encoding="utf-8"?>
<Project ToolsVersion="4.0" xmlns="http://schemas.microsoft.com/developer/msbuild/2003">
  <ItemGroup>
    <Filter Include="Main">
      <UniqueIdentifier>{593ead4e-fc84-4493-be4e-fa90e56d9288}</UniqueIdentifier>
    </Filter>
    <Filter Include="PCH">
      <UniqueIdentifier>{c3166b76-436a-4274-8406-5349c4d025aa}</UniqueIdentifier>
    </Filter>
    <Filter Include="Server">
      <UniqueIdentifier>{e3d99419-034c-4470-9cfe-c16ba5516e01}</UniqueIdentifier>
    </Filter>
    <Filter Include="Client">
      <UniqueIdentifier>{d5fcbba7-e45f-41f0-bb82-8f265da9a2a3}</UniqueIdentifier>
    </Filter>
  </ItemGroup>
  <ItemGroup>
    <ClCompile Include="src\main.cpp">
      <Filter>Main</Filter>
    </ClCompile>
    <ClCompile Include="pch\stdafx.cpp">
      <Filter>PCH</Filter>
    </ClCompile>
    <ClCompile Include="src\Server.cpp">
      <Filter>Server</Filter>
    </ClCompile>
    <ClCompile Include="src\Client.cpp">
      <Filter>Client</Filter>
    </ClCompile>
  </ItemGroup>
  <ItemGroup>
    <ClInclude Include="pch\stdafx.h">
      <Filter>PCH</Filter>
    </ClInclude>
    <ClInclude Include="include\Server.h">
      <Filter>Server</Filter>
    </ClInclude>
    <ClInclude Include="include\Client.h">
      <Filter>Client</Filter>
    </ClInclude>
  </ItemGroup>
</Project>